{
    "_meta": {
        "hash": {
            "sha256": "fef1f7c0e50ffe30b30b70af5c64d87ac9adf7eb42c1159db8ad29dde4ebece7"
        },
        "pipfile-spec": 6,
        "requires": {
            "python_version": "3.7"
        },
        "sources": [
            {
                "name": "pypi",
                "url": "https://pypi.org/simple",
                "verify_ssl": true
            }
        ]
    },
    "default": {
        "boofuzz": {
            "git": "https://github.com/jtpereyda/boofuzz",
            "ref": "bb4fa6955895c54eb56ac62e98bc47fd5f28bc8a"
        },
        "scapy": {
            "hashes": [
                "sha256:1baa048936207ceb1a4281a0e1e3b4317667c754872a0bb4734c5213c468e86a"
            ],
            "index": "pypi",
            "version": "==2.4.2"
        }
    },
    "develop": {}
}
